// !$*UTF8*$!
{
	archiveVersion = 1;
	classes = {
	};
	objectVersion = 46;
	objects = {

/* Begin PBXBuildFile section */
		72766E761CBBC0C10044F7BC /* Babies.xcdatamodeld in Sources */ = {isa = PBXBuildFile; fileRef = 72766E741CBBC0C10044F7BC /* Babies.xcdatamodeld */; };
		7281D4621CB69A5A00713321 /* AppDelegate.swift in Sources */ = {isa = PBXBuildFile; fileRef = 7281D4611CB69A5A00713321 /* AppDelegate.swift */; };
		7281D4641CB69A5A00713321 /* BabiesViewController.swift in Sources */ = {isa = PBXBuildFile; fileRef = 7281D4631CB69A5A00713321 /* BabiesViewController.swift */; };
		7281D4671CB69A5A00713321 /* Main.storyboard in Resources */ = {isa = PBXBuildFile; fileRef = 7281D4651CB69A5A00713321 /* Main.storyboard */; };
		7281D4691CB69A5A00713321 /* Assets.xcassets in Resources */ = {isa = PBXBuildFile; fileRef = 7281D4681CB69A5A00713321 /* Assets.xcassets */; };
		7281D46C1CB69A5A00713321 /* LaunchScreen.storyboard in Resources */ = {isa = PBXBuildFile; fileRef = 7281D46A1CB69A5A00713321 /* LaunchScreen.storyboard */; };
		72915EEC1CF858E10051D671 /* GiftViewController.swift in Sources */ = {isa = PBXBuildFile; fileRef = 72915EEA1CF858E10051D671 /* GiftViewController.swift */; };
		72915EED1CF858E10051D671 /* GiftViewController.xib in Resources */ = {isa = PBXBuildFile; fileRef = 72915EEB1CF858E10051D671 /* GiftViewController.xib */; };
		72915EEF1CF890EF0051D671 /* GiftCell.swift in Sources */ = {isa = PBXBuildFile; fileRef = 72915EEE1CF890EF0051D671 /* GiftCell.swift */; };
		CF3C87C71CCD680E00FAA5FE /* DatePickerCell.swift in Sources */ = {isa = PBXBuildFile; fileRef = CF3C87C61CCD680E00FAA5FE /* DatePickerCell.swift */; };
		CF48459C1CC0272F000BED2A /* Baby+CoreDataProperties.swift in Sources */ = {isa = PBXBuildFile; fileRef = CF4845941CC0272F000BED2A /* Baby+CoreDataProperties.swift */; };
		CF48459D1CC0272F000BED2A /* Baby.swift in Sources */ = {isa = PBXBuildFile; fileRef = CF4845951CC0272F000BED2A /* Baby.swift */; };
		CF48459E1CC0272F000BED2A /* Gift+CoreDataProperties.swift in Sources */ = {isa = PBXBuildFile; fileRef = CF4845961CC0272F000BED2A /* Gift+CoreDataProperties.swift */; };
		CF48459F1CC0272F000BED2A /* Gift.swift in Sources */ = {isa = PBXBuildFile; fileRef = CF4845971CC0272F000BED2A /* Gift.swift */; };
		CF4845A01CC0272F000BED2A /* Adult+CoreDataProperties.swift in Sources */ = {isa = PBXBuildFile; fileRef = CF4845981CC0272F000BED2A /* Adult+CoreDataProperties.swift */; };
		CF4845A11CC0272F000BED2A /* Adult.swift in Sources */ = {isa = PBXBuildFile; fileRef = CF4845991CC0272F000BED2A /* Adult.swift */; };
		CF4845A21CC0272F000BED2A /* Event+CoreDataProperties.swift in Sources */ = {isa = PBXBuildFile; fileRef = CF48459A1CC0272F000BED2A /* Event+CoreDataProperties.swift */; };
		CF4845A31CC0272F000BED2A /* Event.swift in Sources */ = {isa = PBXBuildFile; fileRef = CF48459B1CC0272F000BED2A /* Event.swift */; };
		CF55E8D91CE671A100638A5A /* AdultCell.swift in Sources */ = {isa = PBXBuildFile; fileRef = CF55E8D81CE671A100638A5A /* AdultCell.swift */; };
		CF761AB31CE29D9000CDA9DF /* AdultType+CoreDataProperties.swift in Sources */ = {isa = PBXBuildFile; fileRef = CF761AB11CE29D9000CDA9DF /* AdultType+CoreDataProperties.swift */; };
		CF761AB41CE29D9000CDA9DF /* AdultType.swift in Sources */ = {isa = PBXBuildFile; fileRef = CF761AB21CE29D9000CDA9DF /* AdultType.swift */; };
		CFB098AA1CEAFAFA008C48CF /* AdultTypeTableViewController.swift in Sources */ = {isa = PBXBuildFile; fileRef = CFB098A91CEAFAFA008C48CF /* AdultTypeTableViewController.swift */; };
		CFD9C56C1CEBC16A00EE3B11 /* adult_types.json in Resources */ = {isa = PBXBuildFile; fileRef = CFD9C56B1CEBC16A00EE3B11 /* adult_types.json */; };
		CFF6AAE21CC6D100001914BE /* EditBabyViewController.swift in Sources */ = {isa = PBXBuildFile; fileRef = CFF6AAE11CC6D100001914BE /* EditBabyViewController.swift */; };
		CFFFBCB91CD2B4EA000EDF12 /* CoreDataStack.swift in Sources */ = {isa = PBXBuildFile; fileRef = CFFFBCB81CD2B4EA000EDF12 /* CoreDataStack.swift */; };
		CFFFBCBB1CD40BC4000EDF12 /* BabyDetailViewController.swift in Sources */ = {isa = PBXBuildFile; fileRef = CFFFBCBA1CD40BC4000EDF12 /* BabyDetailViewController.swift */; };
/* End PBXBuildFile section */

/* Begin PBXFileReference section */
		72766E751CBBC0C10044F7BC /* Babies.xcdatamodel */ = {isa = PBXFileReference; lastKnownFileType = wrapper.xcdatamodel; path = Babies.xcdatamodel; sourceTree = "<group>"; };
		7281D45E1CB69A5A00713321 /* Babies.app */ = {isa = PBXFileReference; explicitFileType = wrapper.application; includeInIndex = 0; path = Babies.app; sourceTree = BUILT_PRODUCTS_DIR; };
		7281D4611CB69A5A00713321 /* AppDelegate.swift */ = {isa = PBXFileReference; lastKnownFileType = sourcecode.swift; path = AppDelegate.swift; sourceTree = "<group>"; };
		7281D4631CB69A5A00713321 /* BabiesViewController.swift */ = {isa = PBXFileReference; lastKnownFileType = sourcecode.swift; path = BabiesViewController.swift; sourceTree = "<group>"; };
		7281D4661CB69A5A00713321 /* Base */ = {isa = PBXFileReference; lastKnownFileType = file.storyboard; name = Base; path = Base.lproj/Main.storyboard; sourceTree = "<group>"; };
		7281D4681CB69A5A00713321 /* Assets.xcassets */ = {isa = PBXFileReference; lastKnownFileType = folder.assetcatalog; path = Assets.xcassets; sourceTree = "<group>"; };
		7281D46B1CB69A5A00713321 /* Base */ = {isa = PBXFileReference; lastKnownFileType = file.storyboard; name = Base; path = Base.lproj/LaunchScreen.storyboard; sourceTree = "<group>"; };
		7281D46D1CB69A5A00713321 /* Info.plist */ = {isa = PBXFileReference; lastKnownFileType = text.plist.xml; path = Info.plist; sourceTree = "<group>"; };
		72915EEA1CF858E10051D671 /* GiftViewController.swift */ = {isa = PBXFileReference; fileEncoding = 4; lastKnownFileType = sourcecode.swift; path = GiftViewController.swift; sourceTree = "<group>"; };
		72915EEB1CF858E10051D671 /* GiftViewController.xib */ = {isa = PBXFileReference; fileEncoding = 4; lastKnownFileType = file.xib; path = GiftViewController.xib; sourceTree = "<group>"; };
		72915EEE1CF890EF0051D671 /* GiftCell.swift */ = {isa = PBXFileReference; fileEncoding = 4; lastKnownFileType = sourcecode.swift; path = GiftCell.swift; sourceTree = "<group>"; };
		CF3C87C61CCD680E00FAA5FE /* DatePickerCell.swift */ = {isa = PBXFileReference; fileEncoding = 4; lastKnownFileType = sourcecode.swift; path = DatePickerCell.swift; sourceTree = "<group>"; };
		CF4845941CC0272F000BED2A /* Baby+CoreDataProperties.swift */ = {isa = PBXFileReference; fileEncoding = 4; lastKnownFileType = sourcecode.swift; path = "Baby+CoreDataProperties.swift"; sourceTree = "<group>"; };
		CF4845951CC0272F000BED2A /* Baby.swift */ = {isa = PBXFileReference; fileEncoding = 4; lastKnownFileType = sourcecode.swift; path = Baby.swift; sourceTree = "<group>"; };
		CF4845961CC0272F000BED2A /* Gift+CoreDataProperties.swift */ = {isa = PBXFileReference; fileEncoding = 4; lastKnownFileType = sourcecode.swift; path = "Gift+CoreDataProperties.swift"; sourceTree = "<group>"; };
		CF4845971CC0272F000BED2A /* Gift.swift */ = {isa = PBXFileReference; fileEncoding = 4; lastKnownFileType = sourcecode.swift; path = Gift.swift; sourceTree = "<group>"; };
		CF4845981CC0272F000BED2A /* Adult+CoreDataProperties.swift */ = {isa = PBXFileReference; fileEncoding = 4; lastKnownFileType = sourcecode.swift; path = "Adult+CoreDataProperties.swift"; sourceTree = "<group>"; };
		CF4845991CC0272F000BED2A /* Adult.swift */ = {isa = PBXFileReference; fileEncoding = 4; lastKnownFileType = sourcecode.swift; path = Adult.swift; sourceTree = "<group>"; };
		CF48459A1CC0272F000BED2A /* Event+CoreDataProperties.swift */ = {isa = PBXFileReference; fileEncoding = 4; lastKnownFileType = sourcecode.swift; path = "Event+CoreDataProperties.swift"; sourceTree = "<group>"; };
		CF48459B1CC0272F000BED2A /* Event.swift */ = {isa = PBXFileReference; fileEncoding = 4; lastKnownFileType = sourcecode.swift; path = Event.swift; sourceTree = "<group>"; };
		CF55E8D81CE671A100638A5A /* AdultCell.swift */ = {isa = PBXFileReference; fileEncoding = 4; lastKnownFileType = sourcecode.swift; path = AdultCell.swift; sourceTree = "<group>"; };
		CF761AB11CE29D9000CDA9DF /* AdultType+CoreDataProperties.swift */ = {isa = PBXFileReference; fileEncoding = 4; lastKnownFileType = sourcecode.swift; path = "AdultType+CoreDataProperties.swift"; sourceTree = "<group>"; };
		CF761AB21CE29D9000CDA9DF /* AdultType.swift */ = {isa = PBXFileReference; fileEncoding = 4; lastKnownFileType = sourcecode.swift; path = AdultType.swift; sourceTree = "<group>"; };
		CFB098A91CEAFAFA008C48CF /* AdultTypeTableViewController.swift */ = {isa = PBXFileReference; fileEncoding = 4; lastKnownFileType = sourcecode.swift; path = AdultTypeTableViewController.swift; sourceTree = "<group>"; };
		CFD9C56B1CEBC16A00EE3B11 /* adult_types.json */ = {isa = PBXFileReference; fileEncoding = 4; lastKnownFileType = text.json; path = adult_types.json; sourceTree = "<group>"; };
		CFF6AAE11CC6D100001914BE /* EditBabyViewController.swift */ = {isa = PBXFileReference; fileEncoding = 4; lastKnownFileType = sourcecode.swift; path = EditBabyViewController.swift; sourceTree = "<group>"; };
		CFFFBCB81CD2B4EA000EDF12 /* CoreDataStack.swift */ = {isa = PBXFileReference; fileEncoding = 4; lastKnownFileType = sourcecode.swift; path = CoreDataStack.swift; sourceTree = "<group>"; };
		CFFFBCBA1CD40BC4000EDF12 /* BabyDetailViewController.swift */ = {isa = PBXFileReference; fileEncoding = 4; lastKnownFileType = sourcecode.swift; path = BabyDetailViewController.swift; sourceTree = "<group>"; };
/* End PBXFileReference section */

/* Begin PBXFrameworksBuildPhase section */
		7281D45B1CB69A5A00713321 /* Frameworks */ = {
			isa = PBXFrameworksBuildPhase;
			buildActionMask = 2147483647;
			files = (
			);
			runOnlyForDeploymentPostprocessing = 0;
		};
/* End PBXFrameworksBuildPhase section */

/* Begin PBXGroup section */
		7281D4551CB69A5A00713321 = {
			isa = PBXGroup;
			children = (
				7281D4601CB69A5A00713321 /* Babies */,
				7281D45F1CB69A5A00713321 /* Products */,
			);
			sourceTree = "<group>";
		};
		7281D45F1CB69A5A00713321 /* Products */ = {
			isa = PBXGroup;
			children = (
				7281D45E1CB69A5A00713321 /* Babies.app */,
			);
			name = Products;
			sourceTree = "<group>";
		};
		7281D4601CB69A5A00713321 /* Babies */ = {
			isa = PBXGroup;
			children = (
				CFD9C56B1CEBC16A00EE3B11 /* adult_types.json */,
				7281D46D1CB69A5A00713321 /* Info.plist */,
				7281D4611CB69A5A00713321 /* AppDelegate.swift */,
				7281D4631CB69A5A00713321 /* BabiesViewController.swift */,
				CFFFBCBA1CD40BC4000EDF12 /* BabyDetailViewController.swift */,
				CFFFBCB81CD2B4EA000EDF12 /* CoreDataStack.swift */,
				CFB098A91CEAFAFA008C48CF /* AdultTypeTableViewController.swift */,
				CF55E8D81CE671A100638A5A /* AdultCell.swift */,
				CF3C87C61CCD680E00FAA5FE /* DatePickerCell.swift */,
				CFF6AAE11CC6D100001914BE /* EditBabyViewController.swift */,
				72915EEA1CF858E10051D671 /* GiftViewController.swift */,
				72915EEB1CF858E10051D671 /* GiftViewController.xib */,
				72915EEE1CF890EF0051D671 /* GiftCell.swift */,
				7281D4681CB69A5A00713321 /* Assets.xcassets */,
				72766E741CBBC0C10044F7BC /* Babies.xcdatamodeld */,
				7281D46A1CB69A5A00713321 /* LaunchScreen.storyboard */,
				7281D4651CB69A5A00713321 /* Main.storyboard */,
				CF4845931CC02711000BED2A /* Model Classes */,
			);
			path = Babies;
			sourceTree = "<group>";
		};
		CF4845931CC02711000BED2A /* Model Classes */ = {
			isa = PBXGroup;
			children = (
				CF4845991CC0272F000BED2A /* Adult.swift */,
				CF4845981CC0272F000BED2A /* Adult+CoreDataProperties.swift */,
				CF761AB21CE29D9000CDA9DF /* AdultType.swift */,
				CF761AB11CE29D9000CDA9DF /* AdultType+CoreDataProperties.swift */,
				CF4845951CC0272F000BED2A /* Baby.swift */,
				CF4845941CC0272F000BED2A /* Baby+CoreDataProperties.swift */,
				CF48459B1CC0272F000BED2A /* Event.swift */,
				CF48459A1CC0272F000BED2A /* Event+CoreDataProperties.swift */,
				CF4845971CC0272F000BED2A /* Gift.swift */,
				CF4845961CC0272F000BED2A /* Gift+CoreDataProperties.swift */,
			);
			name = "Model Classes";
			sourceTree = "<group>";
		};
/* End PBXGroup section */

/* Begin PBXNativeTarget section */
		7281D45D1CB69A5A00713321 /* Babies */ = {
			isa = PBXNativeTarget;
			buildConfigurationList = 7281D4701CB69A5A00713321 /* Build configuration list for PBXNativeTarget "Babies" */;
			buildPhases = (
				7281D45A1CB69A5A00713321 /* Sources */,
				7281D45B1CB69A5A00713321 /* Frameworks */,
				7281D45C1CB69A5A00713321 /* Resources */,
			);
			buildRules = (
			);
			dependencies = (
			);
			name = Babies;
			productName = Babies;
			productReference = 7281D45E1CB69A5A00713321 /* Babies.app */;
			productType = "com.apple.product-type.application";
		};
/* End PBXNativeTarget section */

/* Begin PBXProject section */
		7281D4561CB69A5A00713321 /* Project object */ = {
			isa = PBXProject;
			attributes = {
				LastSwiftUpdateCheck = 0730;
				LastUpgradeCheck = 0810;
				ORGANIZATIONNAME = "Stanhope Road";
				TargetAttributes = {
					7281D45D1CB69A5A00713321 = {
						CreatedOnToolsVersion = 7.3;
						LastSwiftMigration = 0810;
					};
				};
			};
			buildConfigurationList = 7281D4591CB69A5A00713321 /* Build configuration list for PBXProject "Babies" */;
			compatibilityVersion = "Xcode 3.2";
			developmentRegion = English;
			hasScannedForEncodings = 0;
			knownRegions = (
				en,
				Base,
			);
			mainGroup = 7281D4551CB69A5A00713321;
			productRefGroup = 7281D45F1CB69A5A00713321 /* Products */;
			projectDirPath = "";
			projectRoot = "";
			targets = (
				7281D45D1CB69A5A00713321 /* Babies */,
			);
		};
/* End PBXProject section */

/* Begin PBXResourcesBuildPhase section */
		7281D45C1CB69A5A00713321 /* Resources */ = {
			isa = PBXResourcesBuildPhase;
			buildActionMask = 2147483647;
			files = (
				7281D46C1CB69A5A00713321 /* LaunchScreen.storyboard in Resources */,
				7281D4691CB69A5A00713321 /* Assets.xcassets in Resources */,
				72915EED1CF858E10051D671 /* GiftViewController.xib in Resources */,
				CFD9C56C1CEBC16A00EE3B11 /* adult_types.json in Resources */,
				7281D4671CB69A5A00713321 /* Main.storyboard in Resources */,
			);
			runOnlyForDeploymentPostprocessing = 0;
		};
/* End PBXResourcesBuildPhase section */

/* Begin PBXSourcesBuildPhase section */
		7281D45A1CB69A5A00713321 /* Sources */ = {
			isa = PBXSourcesBuildPhase;
			buildActionMask = 2147483647;
			files = (
				CFFFBCB91CD2B4EA000EDF12 /* CoreDataStack.swift in Sources */,
				CF761AB41CE29D9000CDA9DF /* AdultType.swift in Sources */,
				CF4845A21CC0272F000BED2A /* Event+CoreDataProperties.swift in Sources */,
				CFB098AA1CEAFAFA008C48CF /* AdultTypeTableViewController.swift in Sources */,
				CF4845A31CC0272F000BED2A /* Event.swift in Sources */,
				CFF6AAE21CC6D100001914BE /* EditBabyViewController.swift in Sources */,
				CF761AB31CE29D9000CDA9DF /* AdultType+CoreDataProperties.swift in Sources */,
				CF48459F1CC0272F000BED2A /* Gift.swift in Sources */,
				72915EEC1CF858E10051D671 /* GiftViewController.swift in Sources */,
				7281D4641CB69A5A00713321 /* BabiesViewController.swift in Sources */,
				CF48459E1CC0272F000BED2A /* Gift+CoreDataProperties.swift in Sources */,
				CF3C87C71CCD680E00FAA5FE /* DatePickerCell.swift in Sources */,
				CF55E8D91CE671A100638A5A /* AdultCell.swift in Sources */,
				CFFFBCBB1CD40BC4000EDF12 /* BabyDetailViewController.swift in Sources */,
				CF4845A11CC0272F000BED2A /* Adult.swift in Sources */,
				CF48459C1CC0272F000BED2A /* Baby+CoreDataProperties.swift in Sources */,
				7281D4621CB69A5A00713321 /* AppDelegate.swift in Sources */,
				CF48459D1CC0272F000BED2A /* Baby.swift in Sources */,
				CF4845A01CC0272F000BED2A /* Adult+CoreDataProperties.swift in Sources */,
				72915EEF1CF890EF0051D671 /* GiftCell.swift in Sources */,
				72766E761CBBC0C10044F7BC /* Babies.xcdatamodeld in Sources */,
			);
			runOnlyForDeploymentPostprocessing = 0;
		};
/* End PBXSourcesBuildPhase section */

/* Begin PBXVariantGroup section */
		7281D4651CB69A5A00713321 /* Main.storyboard */ = {
			isa = PBXVariantGroup;
			children = (
				7281D4661CB69A5A00713321 /* Base */,
			);
			name = Main.storyboard;
			sourceTree = "<group>";
		};
		7281D46A1CB69A5A00713321 /* LaunchScreen.storyboard */ = {
			isa = PBXVariantGroup;
			children = (
				7281D46B1CB69A5A00713321 /* Base */,
			);
			name = LaunchScreen.storyboard;
			sourceTree = "<group>";
		};
/* End PBXVariantGroup section */

/* Begin XCBuildConfiguration section */
		7281D46E1CB69A5A00713321 /* Debug */ = {
			isa = XCBuildConfiguration;
			buildSettings = {
				ALWAYS_SEARCH_USER_PATHS = NO;
				CLANG_ANALYZER_NONNULL = YES;
				CLANG_CXX_LANGUAGE_STANDARD = "gnu++0x";
				CLANG_CXX_LIBRARY = "libc++";
				CLANG_ENABLE_MODULES = YES;
				CLANG_ENABLE_OBJC_ARC = YES;
				CLANG_WARN_BOOL_CONVERSION = YES;
				CLANG_WARN_CONSTANT_CONVERSION = YES;
				CLANG_WARN_DIRECT_OBJC_ISA_USAGE = YES_ERROR;
				CLANG_WARN_EMPTY_BODY = YES;
				CLANG_WARN_ENUM_CONVERSION = YES;
				CLANG_WARN_INFINITE_RECURSION = YES;
				CLANG_WARN_INT_CONVERSION = YES;
				CLANG_WARN_OBJC_ROOT_CLASS = YES_ERROR;
				CLANG_WARN_SUSPICIOUS_MOVE = YES;
				CLANG_WARN_UNREACHABLE_CODE = YES;
				CLANG_WARN__DUPLICATE_METHOD_MATCH = YES;
				"CODE_SIGN_IDENTITY[sdk=iphoneos*]" = "iPhone Developer";
				COPY_PHASE_STRIP = NO;
				DEBUG_INFORMATION_FORMAT = dwarf;
				ENABLE_STRICT_OBJC_MSGSEND = YES;
				ENABLE_TESTABILITY = YES;
				GCC_C_LANGUAGE_STANDARD = gnu99;
				GCC_DYNAMIC_NO_PIC = NO;
				GCC_NO_COMMON_BLOCKS = YES;
				GCC_OPTIMIZATION_LEVEL = 0;
				GCC_PREPROCESSOR_DEFINITIONS = (
					"DEBUG=1",
					"$(inherited)",
				);
				GCC_WARN_64_TO_32_BIT_CONVERSION = YES;
				GCC_WARN_ABOUT_RETURN_TYPE = YES_ERROR;
				GCC_WARN_UNDECLARED_SELECTOR = YES;
				GCC_WARN_UNINITIALIZED_AUTOS = YES_AGGRESSIVE;
				GCC_WARN_UNUSED_FUNCTION = YES;
				GCC_WARN_UNUSED_VARIABLE = YES;
				IPHONEOS_DEPLOYMENT_TARGET = 9.3;
				MTL_ENABLE_DEBUG_INFO = YES;
				ONLY_ACTIVE_ARCH = YES;
				SDKROOT = iphoneos;
				SWIFT_OPTIMIZATION_LEVEL = "-Onone";
			};
			name = Debug;
		};
		7281D46F1CB69A5A00713321 /* Release */ = {
			isa = XCBuildConfiguration;
			buildSettings = {
				ALWAYS_SEARCH_USER_PATHS = NO;
				CLANG_ANALYZER_NONNULL = YES;
				CLANG_CXX_LANGUAGE_STANDARD = "gnu++0x";
				CLANG_CXX_LIBRARY = "libc++";
				CLANG_ENABLE_MODULES = YES;
				CLANG_ENABLE_OBJC_ARC = YES;
				CLANG_WARN_BOOL_CONVERSION = YES;
				CLANG_WARN_CONSTANT_CONVERSION = YES;
				CLANG_WARN_DIRECT_OBJC_ISA_USAGE = YES_ERROR;
				CLANG_WARN_EMPTY_BODY = YES;
				CLANG_WARN_ENUM_CONVERSION = YES;
				CLANG_WARN_INFINITE_RECURSION = YES;
				CLANG_WARN_INT_CONVERSION = YES;
				CLANG_WARN_OBJC_ROOT_CLASS = YES_ERROR;
				CLANG_WARN_SUSPICIOUS_MOVE = YES;
				CLANG_WARN_UNREACHABLE_CODE = YES;
				CLANG_WARN__DUPLICATE_METHOD_MATCH = YES;
				"CODE_SIGN_IDENTITY[sdk=iphoneos*]" = "iPhone Developer";
				COPY_PHASE_STRIP = NO;
				DEBUG_INFORMATION_FORMAT = "dwarf-with-dsym";
				ENABLE_NS_ASSERTIONS = NO;
				ENABLE_STRICT_OBJC_MSGSEND = YES;
				GCC_C_LANGUAGE_STANDARD = gnu99;
				GCC_NO_COMMON_BLOCKS = YES;
				GCC_WARN_64_TO_32_BIT_CONVERSION = YES;
				GCC_WARN_ABOUT_RETURN_TYPE = YES_ERROR;
				GCC_WARN_UNDECLARED_SELECTOR = YES;
				GCC_WARN_UNINITIALIZED_AUTOS = YES_AGGRESSIVE;
				GCC_WARN_UNUSED_FUNCTION = YES;
				GCC_WARN_UNUSED_VARIABLE = YES;
				IPHONEOS_DEPLOYMENT_TARGET = 9.3;
				MTL_ENABLE_DEBUG_INFO = NO;
				SDKROOT = iphoneos;
				SWIFT_OPTIMIZATION_LEVEL = "-Owholemodule";
				VALIDATE_PRODUCT = YES;
			};
			name = Release;
		};
		7281D4711CB69A5A00713321 /* Debug */ = {
			isa = XCBuildConfiguration;
			buildSettings = {
				ASSETCATALOG_COMPILER_APPICON_NAME = AppIcon;
				INFOPLIST_FILE = Babies/Info.plist;
				LD_RUNPATH_SEARCH_PATHS = "$(inherited) @executable_path/Frameworks";
				PRODUCT_BUNDLE_IDENTIFIER = com.babies.Babies;
				PRODUCT_NAME = "$(TARGET_NAME)";
				SWIFT_VERSION = 3.0;
			};
			name = Debug;
		};
		7281D4721CB69A5A00713321 /* Release */ = {
			isa = XCBuildConfiguration;
			buildSettings = {
				ASSETCATALOG_COMPILER_APPICON_NAME = AppIcon;
				INFOPLIST_FILE = Babies/Info.plist;
				LD_RUNPATH_SEARCH_PATHS = "$(inherited) @executable_path/Frameworks";
				PRODUCT_BUNDLE_IDENTIFIER = com.babies.Babies;
				PRODUCT_NAME = "$(TARGET_NAME)";
				SWIFT_VERSION = 3.0;
			};
			name = Release;
		};
/* End XCBuildConfiguration section */

/* Begin XCConfigurationList section */
		7281D4591CB69A5A00713321 /* Build configuration list for PBXProject "Babies" */ = {
			isa = XCConfigurationList;
			buildConfigurations = (
				7281D46E1CB69A5A00713321 /* Debug */,
				7281D46F1CB69A5A00713321 /* Release */,
			);
			defaultConfigurationIsVisible = 0;
			defaultConfigurationName = Release;
		};
		7281D4701CB69A5A00713321 /* Build configuration list for PBXNativeTarget "Babies" */ = {
			isa = XCConfigurationList;
			buildConfigurations = (
				7281D4711CB69A5A00713321 /* Debug */,
				7281D4721CB69A5A00713321 /* Release */,
			);
			defaultConfigurationIsVisible = 0;
			defaultConfigurationName = Release;
		};
/* End XCConfigurationList section */

/* Begin XCVersionGroup section */
		72766E741CBBC0C10044F7BC /* Babies.xcdatamodeld */ = {
			isa = XCVersionGroup;
			children = (
				72766E751CBBC0C10044F7BC /* Babies.xcdatamodel */,
			);
			currentVersion = 72766E751CBBC0C10044F7BC /* Babies.xcdatamodel */;
			path = Babies.xcdatamodeld;
			sourceTree = "<group>";
			versionGroupType = wrapper.xcdatamodel;
		};
/* End XCVersionGroup section */
	};
	rootObject = 7281D4561CB69A5A00713321 /* Project object */;
}
