// !$*UTF8*$!
{
	archiveVersion = 1;
	classes = {
	};
	objectVersion = 50;
	objects = {

/* Begin PBXBuildFile section */
		BE7D871EEA4B22A528119A11 /* Pods_Babies.framework in Frameworks */ = {isa = PBXBuildFile; fileRef = 9C8D068770DAFD8C1671490E /* Pods_Babies.framework */; };
		CF22FA3123C246C10032B5B5 /* AppDelegate.swift in Sources */ = {isa = PBXBuildFile; fileRef = CF22FA3023C246C10032B5B5 /* AppDelegate.swift */; };
		CF22FA3323C246C10032B5B5 /* ViewController.swift in Sources */ = {isa = PBXBuildFile; fileRef = CF22FA3223C246C10032B5B5 /* ViewController.swift */; };
		CF22FA3623C246C10032B5B5 /* Main.storyboard in Resources */ = {isa = PBXBuildFile; fileRef = CF22FA3423C246C10032B5B5 /* Main.storyboard */; };
		CF22FA3823C246C40032B5B5 /* Assets.xcassets in Resources */ = {isa = PBXBuildFile; fileRef = CF22FA3723C246C40032B5B5 /* Assets.xcassets */; };
		CF22FA3B23C246C40032B5B5 /* LaunchScreen.storyboard in Resources */ = {isa = PBXBuildFile; fileRef = CF22FA3923C246C40032B5B5 /* LaunchScreen.storyboard */; };
		CFB12E3F23C3D54700EF361C /* BabyListViewController.swift in Sources */ = {isa = PBXBuildFile; fileRef = CFB12E3D23C3D54700EF361C /* BabyListViewController.swift */; };
		CFB12E4023C3D54700EF361C /* BabyListViewController.xib in Resources */ = {isa = PBXBuildFile; fileRef = CFB12E3E23C3D54700EF361C /* BabyListViewController.xib */; };
/* End PBXBuildFile section */

/* Begin PBXFileReference section */
		2536B9D0BB4C2B115E17E672 /* Pods-Babies.debug.xcconfig */ = {isa = PBXFileReference; includeInIndex = 1; lastKnownFileType = text.xcconfig; name = "Pods-Babies.debug.xcconfig"; path = "Target Support Files/Pods-Babies/Pods-Babies.debug.xcconfig"; sourceTree = "<group>"; };
		37F444557131B467C37B181D /* Pods-Babies.release.xcconfig */ = {isa = PBXFileReference; includeInIndex = 1; lastKnownFileType = text.xcconfig; name = "Pods-Babies.release.xcconfig"; path = "Target Support Files/Pods-Babies/Pods-Babies.release.xcconfig"; sourceTree = "<group>"; };
		9C8D068770DAFD8C1671490E /* Pods_Babies.framework */ = {isa = PBXFileReference; explicitFileType = wrapper.framework; includeInIndex = 0; path = Pods_Babies.framework; sourceTree = BUILT_PRODUCTS_DIR; };
		CF22FA2D23C246C10032B5B5 /* Babies.app */ = {isa = PBXFileReference; explicitFileType = wrapper.application; includeInIndex = 0; path = Babies.app; sourceTree = BUILT_PRODUCTS_DIR; };
		CF22FA3023C246C10032B5B5 /* AppDelegate.swift */ = {isa = PBXFileReference; lastKnownFileType = sourcecode.swift; path = AppDelegate.swift; sourceTree = "<group>"; };
		CF22FA3223C246C10032B5B5 /* ViewController.swift */ = {isa = PBXFileReference; lastKnownFileType = sourcecode.swift; path = ViewController.swift; sourceTree = "<group>"; };
		CF22FA3523C246C10032B5B5 /* Base */ = {isa = PBXFileReference; lastKnownFileType = file.storyboard; name = Base; path = Base.lproj/Main.storyboard; sourceTree = "<group>"; };
		CF22FA3723C246C40032B5B5 /* Assets.xcassets */ = {isa = PBXFileReference; lastKnownFileType = folder.assetcatalog; path = Assets.xcassets; sourceTree = "<group>"; };
		CF22FA3A23C246C40032B5B5 /* Base */ = {isa = PBXFileReference; lastKnownFileType = file.storyboard; name = Base; path = Base.lproj/LaunchScreen.storyboard; sourceTree = "<group>"; };
		CF22FA3C23C246C40032B5B5 /* Info.plist */ = {isa = PBXFileReference; lastKnownFileType = text.plist.xml; path = Info.plist; sourceTree = "<group>"; };
		CFB12E3D23C3D54700EF361C /* BabyListViewController.swift */ = {isa = PBXFileReference; lastKnownFileType = sourcecode.swift; path = BabyListViewController.swift; sourceTree = "<group>"; };
		CFB12E3E23C3D54700EF361C /* BabyListViewController.xib */ = {isa = PBXFileReference; lastKnownFileType = file.xib; path = BabyListViewController.xib; sourceTree = "<group>"; };
/* End PBXFileReference section */

/* Begin PBXFrameworksBuildPhase section */
		CF22FA2A23C246C10032B5B5 /* Frameworks */ = {
			isa = PBXFrameworksBuildPhase;
			buildActionMask = 2147483647;
			files = (
				BE7D871EEA4B22A528119A11 /* Pods_Babies.framework in Frameworks */,
			);
			runOnlyForDeploymentPostprocessing = 0;
		};
/* End PBXFrameworksBuildPhase section */

/* Begin PBXGroup section */
		1853A61B210FB76070E46BD4 /* Frameworks */ = {
			isa = PBXGroup;
			children = (
				9C8D068770DAFD8C1671490E /* Pods_Babies.framework */,
			);
			name = Frameworks;
			sourceTree = "<group>";
		};
		CF22FA2423C246C10032B5B5 = {
			isa = PBXGroup;
			children = (
				CF22FA2F23C246C10032B5B5 /* Babies */,
				CF22FA2E23C246C10032B5B5 /* Products */,
				D052F021C922C33AED182C76 /* Pods */,
				1853A61B210FB76070E46BD4 /* Frameworks */,
			);
			sourceTree = "<group>";
		};
		CF22FA2E23C246C10032B5B5 /* Products */ = {
			isa = PBXGroup;
			children = (
				CF22FA2D23C246C10032B5B5 /* Babies.app */,
			);
			name = Products;
			sourceTree = "<group>";
		};
		CF22FA2F23C246C10032B5B5 /* Babies */ = {
			isa = PBXGroup;
			children = (
				CF22FA3023C246C10032B5B5 /* AppDelegate.swift */,
				CFB12E3D23C3D54700EF361C /* BabyListViewController.swift */,
				CFB12E3E23C3D54700EF361C /* BabyListViewController.xib */,
				CF22FA3923C246C40032B5B5 /* LaunchScreen.storyboard */,
				CF22FA3423C246C10032B5B5 /* Main.storyboard */,
				CF22FA3223C246C10032B5B5 /* ViewController.swift */,
				CF22FA3723C246C40032B5B5 /* Assets.xcassets */,
				CF22FA3C23C246C40032B5B5 /* Info.plist */,
			);
			path = Babies;
			sourceTree = "<group>";
		};
		D052F021C922C33AED182C76 /* Pods */ = {
			isa = PBXGroup;
			children = (
				2536B9D0BB4C2B115E17E672 /* Pods-Babies.debug.xcconfig */,
				37F444557131B467C37B181D /* Pods-Babies.release.xcconfig */,
			);
			name = Pods;
			path = Pods;
			sourceTree = "<group>";
		};
/* End PBXGroup section */

/* Begin PBXNativeTarget section */
		CF22FA2C23C246C10032B5B5 /* Babies */ = {
			isa = PBXNativeTarget;
			buildConfigurationList = CF22FA3F23C246C40032B5B5 /* Build configuration list for PBXNativeTarget "Babies" */;
			buildPhases = (
				B894E6F4594DDA23F1148780 /* [CP] Check Pods Manifest.lock */,
				CF22FA2923C246C10032B5B5 /* Sources */,
				CF22FA2A23C246C10032B5B5 /* Frameworks */,
				CF22FA2B23C246C10032B5B5 /* Resources */,
			);
			buildRules = (
			);
			dependencies = (
			);
			name = Babies;
			productName = Babies;
			productReference = CF22FA2D23C246C10032B5B5 /* Babies.app */;
			productType = "com.apple.product-type.application";
		};
/* End PBXNativeTarget section */

/* Begin PBXProject section */
		CF22FA2523C246C10032B5B5 /* Project object */ = {
			isa = PBXProject;
			attributes = {
				LastSwiftUpdateCheck = 1020;
				LastUpgradeCheck = 1020;
				ORGANIZATIONNAME = phi161;
				TargetAttributes = {
					CF22FA2C23C246C10032B5B5 = {
						CreatedOnToolsVersion = 10.2.1;
					};
				};
			};
			buildConfigurationList = CF22FA2823C246C10032B5B5 /* Build configuration list for PBXProject "Babies" */;
			compatibilityVersion = "Xcode 9.3";
			developmentRegion = en;
			hasScannedForEncodings = 0;
			knownRegions = (
				en,
				Base,
			);
			mainGroup = CF22FA2423C246C10032B5B5;
			productRefGroup = CF22FA2E23C246C10032B5B5 /* Products */;
			projectDirPath = "";
			projectRoot = "";
			targets = (
				CF22FA2C23C246C10032B5B5 /* Babies */,
			);
		};
/* End PBXProject section */

/* Begin PBXResourcesBuildPhase section */
		CF22FA2B23C246C10032B5B5 /* Resources */ = {
			isa = PBXResourcesBuildPhase;
			buildActionMask = 2147483647;
			files = (
				CFB12E4023C3D54700EF361C /* BabyListViewController.xib in Resources */,
				CF22FA3B23C246C40032B5B5 /* LaunchScreen.storyboard in Resources */,
				CF22FA3823C246C40032B5B5 /* Assets.xcassets in Resources */,
				CF22FA3623C246C10032B5B5 /* Main.storyboard in Resources */,
			);
			runOnlyForDeploymentPostprocessing = 0;
		};
/* End PBXResourcesBuildPhase section */

/* Begin PBXShellScriptBuildPhase section */
		B894E6F4594DDA23F1148780 /* [CP] Check Pods Manifest.lock */ = {
			isa = PBXShellScriptBuildPhase;
			buildActionMask = 2147483647;
			files = (
			);
			inputFileListPaths = (
			);
			inputPaths = (
				"${PODS_PODFILE_DIR_PATH}/Podfile.lock",
				"${PODS_ROOT}/Manifest.lock",
			);
			name = "[CP] Check Pods Manifest.lock";
			outputFileListPaths = (
			);
			outputPaths = (
				"$(DERIVED_FILE_DIR)/Pods-Babies-checkManifestLockResult.txt",
			);
			runOnlyForDeploymentPostprocessing = 0;
			shellPath = /bin/sh;
			shellScript = "diff \"${PODS_PODFILE_DIR_PATH}/Podfile.lock\" \"${PODS_ROOT}/Manifest.lock\" > /dev/null\nif [ $? != 0 ] ; then\n    # print error to STDERR\n    echo \"error: The sandbox is not in sync with the Podfile.lock. Run 'pod install' or update your CocoaPods installation.\" >&2\n    exit 1\nfi\n# This output is used by Xcode 'outputs' to avoid re-running this script phase.\necho \"SUCCESS\" > \"${SCRIPT_OUTPUT_FILE_0}\"\n";
			showEnvVarsInLog = 0;
		};
/* End PBXShellScriptBuildPhase section */

/* Begin PBXSourcesBuildPhase section */
		CF22FA2923C246C10032B5B5 /* Sources */ = {
			isa = PBXSourcesBuildPhase;
			buildActionMask = 2147483647;
			files = (
				CFB12E3F23C3D54700EF361C /* BabyListViewController.swift in Sources */,
				CF22FA3323C246C10032B5B5 /* ViewController.swift in Sources */,
				CF22FA3123C246C10032B5B5 /* AppDelegate.swift in Sources */,
			);
			runOnlyForDeploymentPostprocessing = 0;
		};
/* End PBXSourcesBuildPhase section */

/* Begin PBXVariantGroup section */
		CF22FA3423C246C10032B5B5 /* Main.storyboard */ = {
			isa = PBXVariantGroup;
			children = (
				CF22FA3523C246C10032B5B5 /* Base */,
			);
			name = Main.storyboard;
			sourceTree = "<group>";
		};
		CF22FA3923C246C40032B5B5 /* LaunchScreen.storyboard */ = {
			isa = PBXVariantGroup;
			children = (
				CF22FA3A23C246C40032B5B5 /* Base */,
			);
			name = LaunchScreen.storyboard;
			sourceTree = "<group>";
		};
/* End PBXVariantGroup section */

/* Begin XCBuildConfiguration section */
		CF22FA3D23C246C40032B5B5 /* Debug */ = {
			isa = XCBuildConfiguration;
			buildSettings = {
				ALWAYS_SEARCH_USER_PATHS = NO;
				CLANG_ANALYZER_NONNULL = YES;
				CLANG_ANALYZER_NUMBER_OBJECT_CONVERSION = YES_AGGRESSIVE;
				CLANG_CXX_LANGUAGE_STANDARD = "gnu++14";
				CLANG_CXX_LIBRARY = "libc++";
				CLANG_ENABLE_MODULES = YES;
				CLANG_ENABLE_OBJC_ARC = YES;
				CLANG_ENABLE_OBJC_WEAK = YES;
				CLANG_WARN_BLOCK_CAPTURE_AUTORELEASING = YES;
				CLANG_WARN_BOOL_CONVERSION = YES;
				CLANG_WARN_COMMA = YES;
				CLANG_WARN_CONSTANT_CONVERSION = YES;
				CLANG_WARN_DEPRECATED_OBJC_IMPLEMENTATIONS = YES;
				CLANG_WARN_DIRECT_OBJC_ISA_USAGE = YES_ERROR;
				CLANG_WARN_DOCUMENTATION_COMMENTS = YES;
				CLANG_WARN_EMPTY_BODY = YES;
				CLANG_WARN_ENUM_CONVERSION = YES;
				CLANG_WARN_INFINITE_RECURSION = YES;
				CLANG_WARN_INT_CONVERSION = YES;
				CLANG_WARN_NON_LITERAL_NULL_CONVERSION = YES;
				CLANG_WARN_OBJC_IMPLICIT_RETAIN_SELF = YES;
				CLANG_WARN_OBJC_LITERAL_CONVERSION = YES;
				CLANG_WARN_OBJC_ROOT_CLASS = YES_ERROR;
				CLANG_WARN_RANGE_LOOP_ANALYSIS = YES;
				CLANG_WARN_STRICT_PROTOTYPES = YES;
				CLANG_WARN_SUSPICIOUS_MOVE = YES;
				CLANG_WARN_UNGUARDED_AVAILABILITY = YES_AGGRESSIVE;
				CLANG_WARN_UNREACHABLE_CODE = YES;
				CLANG_WARN__DUPLICATE_METHOD_MATCH = YES;
				CODE_SIGN_IDENTITY = "iPhone Developer";
				COPY_PHASE_STRIP = NO;
				DEBUG_INFORMATION_FORMAT = dwarf;
				ENABLE_STRICT_OBJC_MSGSEND = YES;
				ENABLE_TESTABILITY = YES;
				GCC_C_LANGUAGE_STANDARD = gnu11;
				GCC_DYNAMIC_NO_PIC = NO;
				GCC_NO_COMMON_BLOCKS = YES;
				GCC_OPTIMIZATION_LEVEL = 0;
				GCC_PREPROCESSOR_DEFINITIONS = (
					"DEBUG=1",
					"$(inherited)",
				);
				GCC_WARN_64_TO_32_BIT_CONVERSION = YES;
				GCC_WARN_ABOUT_RETURN_TYPE = YES_ERROR;
				GCC_WARN_UNDECLARED_SELECTOR = YES;
				GCC_WARN_UNINITIALIZED_AUTOS = YES_AGGRESSIVE;
				GCC_WARN_UNUSED_FUNCTION = YES;
				GCC_WARN_UNUSED_VARIABLE = YES;
				IPHONEOS_DEPLOYMENT_TARGET = 12.2;
				MTL_ENABLE_DEBUG_INFO = INCLUDE_SOURCE;
				MTL_FAST_MATH = YES;
				ONLY_ACTIVE_ARCH = YES;
				SDKROOT = iphoneos;
				SWIFT_ACTIVE_COMPILATION_CONDITIONS = DEBUG;
				SWIFT_OPTIMIZATION_LEVEL = "-Onone";
			};
			name = Debug;
		};
		CF22FA3E23C246C40032B5B5 /* Release */ = {
			isa = XCBuildConfiguration;
			buildSettings = {
				ALWAYS_SEARCH_USER_PATHS = NO;
				CLANG_ANALYZER_NONNULL = YES;
				CLANG_ANALYZER_NUMBER_OBJECT_CONVERSION = YES_AGGRESSIVE;
				CLANG_CXX_LANGUAGE_STANDARD = "gnu++14";
				CLANG_CXX_LIBRARY = "libc++";
				CLANG_ENABLE_MODULES = YES;
				CLANG_ENABLE_OBJC_ARC = YES;
				CLANG_ENABLE_OBJC_WEAK = YES;
				CLANG_WARN_BLOCK_CAPTURE_AUTORELEASING = YES;
				CLANG_WARN_BOOL_CONVERSION = YES;
				CLANG_WARN_COMMA = YES;
				CLANG_WARN_CONSTANT_CONVERSION = YES;
				CLANG_WARN_DEPRECATED_OBJC_IMPLEMENTATIONS = YES;
				CLANG_WARN_DIRECT_OBJC_ISA_USAGE = YES_ERROR;
				CLANG_WARN_DOCUMENTATION_COMMENTS = YES;
				CLANG_WARN_EMPTY_BODY = YES;
				CLANG_WARN_ENUM_CONVERSION = YES;
				CLANG_WARN_INFINITE_RECURSION = YES;
				CLANG_WARN_INT_CONVERSION = YES;
				CLANG_WARN_NON_LITERAL_NULL_CONVERSION = YES;
				CLANG_WARN_OBJC_IMPLICIT_RETAIN_SELF = YES;
				CLANG_WARN_OBJC_LITERAL_CONVERSION = YES;
				CLANG_WARN_OBJC_ROOT_CLASS = YES_ERROR;
				CLANG_WARN_RANGE_LOOP_ANALYSIS = YES;
				CLANG_WARN_STRICT_PROTOTYPES = YES;
				CLANG_WARN_SUSPICIOUS_MOVE = YES;
				CLANG_WARN_UNGUARDED_AVAILABILITY = YES_AGGRESSIVE;
				CLANG_WARN_UNREACHABLE_CODE = YES;
				CLANG_WARN__DUPLICATE_METHOD_MATCH = YES;
				CODE_SIGN_IDENTITY = "iPhone Developer";
				COPY_PHASE_STRIP = NO;
				DEBUG_INFORMATION_FORMAT = "dwarf-with-dsym";
				ENABLE_NS_ASSERTIONS = NO;
				ENABLE_STRICT_OBJC_MSGSEND = YES;
				GCC_C_LANGUAGE_STANDARD = gnu11;
				GCC_NO_COMMON_BLOCKS = YES;
				GCC_WARN_64_TO_32_BIT_CONVERSION = YES;
				GCC_WARN_ABOUT_RETURN_TYPE = YES_ERROR;
				GCC_WARN_UNDECLARED_SELECTOR = YES;
				GCC_WARN_UNINITIALIZED_AUTOS = YES_AGGRESSIVE;
				GCC_WARN_UNUSED_FUNCTION = YES;
				GCC_WARN_UNUSED_VARIABLE = YES;
				IPHONEOS_DEPLOYMENT_TARGET = 12.2;
				MTL_ENABLE_DEBUG_INFO = NO;
				MTL_FAST_MATH = YES;
				SDKROOT = iphoneos;
				SWIFT_COMPILATION_MODE = wholemodule;
				SWIFT_OPTIMIZATION_LEVEL = "-O";
				VALIDATE_PRODUCT = YES;
			};
			name = Release;
		};
		CF22FA4023C246C40032B5B5 /* Debug */ = {
			isa = XCBuildConfiguration;
			baseConfigurationReference = 2536B9D0BB4C2B115E17E672 /* Pods-Babies.debug.xcconfig */;
			buildSettings = {
				ASSETCATALOG_COMPILER_APPICON_NAME = AppIcon;
				CODE_SIGN_STYLE = Automatic;
				INFOPLIST_FILE = Babies/Info.plist;
				LD_RUNPATH_SEARCH_PATHS = (
					"$(inherited)",
					"@executable_path/Frameworks",
				);
				PRODUCT_BUNDLE_IDENTIFIER = io.github.phi161.Babies;
				PRODUCT_NAME = "$(TARGET_NAME)";
				SWIFT_VERSION = 5.0;
				TARGETED_DEVICE_FAMILY = "1,2";
			};
			name = Debug;
		};
		CF22FA4123C246C40032B5B5 /* Release */ = {
			isa = XCBuildConfiguration;
			baseConfigurationReference = 37F444557131B467C37B181D /* Pods-Babies.release.xcconfig */;
			buildSettings = {
				ASSETCATALOG_COMPILER_APPICON_NAME = AppIcon;
				CODE_SIGN_STYLE = Automatic;
				INFOPLIST_FILE = Babies/Info.plist;
				LD_RUNPATH_SEARCH_PATHS = (
					"$(inherited)",
					"@executable_path/Frameworks",
				);
				PRODUCT_BUNDLE_IDENTIFIER = io.github.phi161.Babies;
				PRODUCT_NAME = "$(TARGET_NAME)";
				SWIFT_VERSION = 5.0;
				TARGETED_DEVICE_FAMILY = "1,2";
			};
			name = Release;
		};
/* End XCBuildConfiguration section */

/* Begin XCConfigurationList section */
		CF22FA2823C246C10032B5B5 /* Build configuration list for PBXProject "Babies" */ = {
			isa = XCConfigurationList;
			buildConfigurations = (
				CF22FA3D23C246C40032B5B5 /* Debug */,
				CF22FA3E23C246C40032B5B5 /* Release */,
			);
			defaultConfigurationIsVisible = 0;
			defaultConfigurationName = Release;
		};
		CF22FA3F23C246C40032B5B5 /* Build configuration list for PBXNativeTarget "Babies" */ = {
			isa = XCConfigurationList;
			buildConfigurations = (
				CF22FA4023C246C40032B5B5 /* Debug */,
				CF22FA4123C246C40032B5B5 /* Release */,
			);
			defaultConfigurationIsVisible = 0;
			defaultConfigurationName = Release;
		};
/* End XCConfigurationList section */
	};
	rootObject = CF22FA2523C246C10032B5B5 /* Project object */;
}
