// !$*UTF8*$!
{
	archiveVersion = 1;
	classes = {
	};
	objectVersion = 46;
	objects = {

/* Begin PBXBuildFile section */
		7281D4621CB69A5A00713321 /* AppDelegate.swift in Sources */ = {isa = PBXBuildFile; fileRef = 7281D4611CB69A5A00713321 /* AppDelegate.swift */; };
		7281D4641CB69A5A00713321 /* ViewController.swift in Sources */ = {isa = PBXBuildFile; fileRef = 7281D4631CB69A5A00713321 /* ViewController.swift */; };
		7281D4671CB69A5A00713321 /* Main.storyboard in Resources */ = {isa = PBXBuildFile; fileRef = 7281D4651CB69A5A00713321 /* Main.storyboard */; };
		7281D4691CB69A5A00713321 /* Assets.xcassets in Resources */ = {isa = PBXBuildFile; fileRef = 7281D4681CB69A5A00713321 /* Assets.xcassets */; };
		7281D46C1CB69A5A00713321 /* LaunchScreen.storyboard in Resources */ = {isa = PBXBuildFile; fileRef = 7281D46A1CB69A5A00713321 /* LaunchScreen.storyboard */; };
/* End PBXBuildFile section */

/* Begin PBXFileReference section */
		7281D45E1CB69A5A00713321 /* Babies.app */ = {isa = PBXFileReference; explicitFileType = wrapper.application; includeInIndex = 0; path = Babies.app; sourceTree = BUILT_PRODUCTS_DIR; };
		7281D4611CB69A5A00713321 /* AppDelegate.swift */ = {isa = PBXFileReference; lastKnownFileType = sourcecode.swift; path = AppDelegate.swift; sourceTree = "<group>"; };
		7281D4631CB69A5A00713321 /* ViewController.swift */ = {isa = PBXFileReference; lastKnownFileType = sourcecode.swift; path = ViewController.swift; sourceTree = "<group>"; };
		7281D4661CB69A5A00713321 /* Base */ = {isa = PBXFileReference; lastKnownFileType = file.storyboard; name = Base; path = Base.lproj/Main.storyboard; sourceTree = "<group>"; };
		7281D4681CB69A5A00713321 /* Assets.xcassets */ = {isa = PBXFileReference; lastKnownFileType = folder.assetcatalog; path = Assets.xcassets; sourceTree = "<group>"; };
		7281D46B1CB69A5A00713321 /* Base */ = {isa = PBXFileReference; lastKnownFileType = file.storyboard; name = Base; path = Base.lproj/LaunchScreen.storyboard; sourceTree = "<group>"; };
		7281D46D1CB69A5A00713321 /* Info.plist */ = {isa = PBXFileReference; lastKnownFileType = text.plist.xml; path = Info.plist; sourceTree = "<group>"; };
/* End PBXFileReference section */

/* Begin PBXFrameworksBuildPhase section */
		7281D45B1CB69A5A00713321 /* Frameworks */ = {
			isa = PBXFrameworksBuildPhase;
			buildActionMask = 2147483647;
			files = (
			);
			runOnlyForDeploymentPostprocessing = 0;
		};
/* End PBXFrameworksBuildPhase section */

/* Begin PBXGroup section */
		7281D4551CB69A5A00713321 = {
			isa = PBXGroup;
			children = (
				7281D4601CB69A5A00713321 /* Babies */,
				7281D45F1CB69A5A00713321 /* Products */,
			);
			sourceTree = "<group>";
		};
		7281D45F1CB69A5A00713321 /* Products */ = {
			isa = PBXGroup;
			children = (
				7281D45E1CB69A5A00713321 /* Babies.app */,
			);
			name = Products;
			sourceTree = "<group>";
		};
		7281D4601CB69A5A00713321 /* Babies */ = {
			isa = PBXGroup;
			children = (
				7281D4611CB69A5A00713321 /* AppDelegate.swift */,
				7281D4631CB69A5A00713321 /* ViewController.swift */,
				7281D4651CB69A5A00713321 /* Main.storyboard */,
				7281D4681CB69A5A00713321 /* Assets.xcassets */,
				7281D46A1CB69A5A00713321 /* LaunchScreen.storyboard */,
				7281D46D1CB69A5A00713321 /* Info.plist */,
			);
			path = Babies;
			sourceTree = "<group>";
		};
/* End PBXGroup section */

/* Begin PBXNativeTarget section */
		7281D45D1CB69A5A00713321 /* Babies */ = {
			isa = PBXNativeTarget;
			buildConfigurationList = 7281D4701CB69A5A00713321 /* Build configuration list for PBXNativeTarget "Babies" */;
			buildPhases = (
				7281D45A1CB69A5A00713321 /* Sources */,
				7281D45B1CB69A5A00713321 /* Frameworks */,
				7281D45C1CB69A5A00713321 /* Resources */,
			);
			buildRules = (
			);
			dependencies = (
			);
			name = Babies;
			productName = Babies;
			productReference = 7281D45E1CB69A5A00713321 /* Babies.app */;
			productType = "com.apple.product-type.application";
		};
/* End PBXNativeTarget section */

/* Begin PBXProject section */
		7281D4561CB69A5A00713321 /* Project object */ = {
			isa = PBXProject;
			attributes = {
				LastSwiftUpdateCheck = 0730;
				LastUpgradeCheck = 0730;
				ORGANIZATIONNAME = "Stanhope Road";
				TargetAttributes = {
					7281D45D1CB69A5A00713321 = {
						CreatedOnToolsVersion = 7.3;
					};
				};
			};
			buildConfigurationList = 7281D4591CB69A5A00713321 /* Build configuration list for PBXProject "Babies" */;
			compatibilityVersion = "Xcode 3.2";
			developmentRegion = English;
			hasScannedForEncodings = 0;
			knownRegions = (
				en,
				Base,
			);
			mainGroup = 7281D4551CB69A5A00713321;
			productRefGroup = 7281D45F1CB69A5A00713321 /* Products */;
			projectDirPath = "";
			projectRoot = "";
			targets = (
				7281D45D1CB69A5A00713321 /* Babies */,
			);
		};
/* End PBXProject section */

/* Begin PBXResourcesBuildPhase section */
		7281D45C1CB69A5A00713321 /* Resources */ = {
			isa = PBXResourcesBuildPhase;
			buildActionMask = 2147483647;
			files = (
				7281D46C1CB69A5A00713321 /* LaunchScreen.storyboard in Resources */,
				7281D4691CB69A5A00713321 /* Assets.xcassets in Resources */,
				7281D4671CB69A5A00713321 /* Main.storyboard in Resources */,
			);
			runOnlyForDeploymentPostprocessing = 0;
		};
/* End PBXResourcesBuildPhase section */

/* Begin PBXSourcesBuildPhase section */
		7281D45A1CB69A5A00713321 /* Sources */ = {
			isa = PBXSourcesBuildPhase;
			buildActionMask = 2147483647;
			files = (
				7281D4641CB69A5A00713321 /* ViewController.swift in Sources */,
				7281D4621CB69A5A00713321 /* AppDelegate.swift in Sources */,
			);
			runOnlyForDeploymentPostprocessing = 0;
		};
/* End PBXSourcesBuildPhase section */

/* Begin PBXVariantGroup section */
		7281D4651CB69A5A00713321 /* Main.storyboard */ = {
			isa = PBXVariantGroup;
			children = (
				7281D4661CB69A5A00713321 /* Base */,
			);
			name = Main.storyboard;
			sourceTree = "<group>";
		};
		7281D46A1CB69A5A00713321 /* LaunchScreen.storyboard */ = {
			isa = PBXVariantGroup;
			children = (
				7281D46B1CB69A5A00713321 /* Base */,
			);
			name = LaunchScreen.storyboard;
			sourceTree = "<group>";
		};
/* End PBXVariantGroup section */

/* Begin XCBuildConfiguration section */
		7281D46E1CB69A5A00713321 /* Debug */ = {
			isa = XCBuildConfiguration;
			buildSettings = {
				ALWAYS_SEARCH_USER_PATHS = NO;
				CLANG_ANALYZER_NONNULL = YES;
				CLANG_CXX_LANGUAGE_STANDARD = "gnu++0x";
				CLANG_CXX_LIBRARY = "libc++";
				CLANG_ENABLE_MODULES = YES;
				CLANG_ENABLE_OBJC_ARC = YES;
				CLANG_WARN_BOOL_CONVERSION = YES;
				CLANG_WARN_CONSTANT_CONVERSION = YES;
				CLANG_WARN_DIRECT_OBJC_ISA_USAGE = YES_ERROR;
				CLANG_WARN_EMPTY_BODY = YES;
				CLANG_WARN_ENUM_CONVERSION = YES;
				CLANG_WARN_INT_CONVERSION = YES;
				CLANG_WARN_OBJC_ROOT_CLASS = YES_ERROR;
				CLANG_WARN_UNREACHABLE_CODE = YES;
				CLANG_WARN__DUPLICATE_METHOD_MATCH = YES;
				"CODE_SIGN_IDENTITY[sdk=iphoneos*]" = "iPhone Developer";
				COPY_PHASE_STRIP = NO;
				DEBUG_INFORMATION_FORMAT = dwarf;
				ENABLE_STRICT_OBJC_MSGSEND = YES;
				ENABLE_TESTABILITY = YES;
				GCC_C_LANGUAGE_STANDARD = gnu99;
				GCC_DYNAMIC_NO_PIC = NO;
				GCC_NO_COMMON_BLOCKS = YES;
				GCC_OPTIMIZATION_LEVEL = 0;
				GCC_PREPROCESSOR_DEFINITIONS = (
					"DEBUG=1",
					"$(inherited)",
				);
				GCC_WARN_64_TO_32_BIT_CONVERSION = YES;
				GCC_WARN_ABOUT_RETURN_TYPE = YES_ERROR;
				GCC_WARN_UNDECLARED_SELECTOR = YES;
				GCC_WARN_UNINITIALIZED_AUTOS = YES_AGGRESSIVE;
				GCC_WARN_UNUSED_FUNCTION = YES;
				GCC_WARN_UNUSED_VARIABLE = YES;
				IPHONEOS_DEPLOYMENT_TARGET = 9.3;
				MTL_ENABLE_DEBUG_INFO = YES;
				ONLY_ACTIVE_ARCH = YES;
				SDKROOT = iphoneos;
				SWIFT_OPTIMIZATION_LEVEL = "-Onone";
			};
			name = Debug;
		};
		7281D46F1CB69A5A00713321 /* Release */ = {
			isa = XCBuildConfiguration;
			buildSettings = {
				ALWAYS_SEARCH_USER_PATHS = NO;
				CLANG_ANALYZER_NONNULL = YES;
				CLANG_CXX_LANGUAGE_STANDARD = "gnu++0x";
				CLANG_CXX_LIBRARY = "libc++";
				CLANG_ENABLE_MODULES = YES;
				CLANG_ENABLE_OBJC_ARC = YES;
				CLANG_WARN_BOOL_CONVERSION = YES;
				CLANG_WARN_CONSTANT_CONVERSION = YES;
				CLANG_WARN_DIRECT_OBJC_ISA_USAGE = YES_ERROR;
				CLANG_WARN_EMPTY_BODY = YES;
				CLANG_WARN_ENUM_CONVERSION = YES;
				CLANG_WARN_INT_CONVERSION = YES;
				CLANG_WARN_OBJC_ROOT_CLASS = YES_ERROR;
				CLANG_WARN_UNREACHABLE_CODE = YES;
				CLANG_WARN__DUPLICATE_METHOD_MATCH = YES;
				"CODE_SIGN_IDENTITY[sdk=iphoneos*]" = "iPhone Developer";
				COPY_PHASE_STRIP = NO;
				DEBUG_INFORMATION_FORMAT = "dwarf-with-dsym";
				ENABLE_NS_ASSERTIONS = NO;
				ENABLE_STRICT_OBJC_MSGSEND = YES;
				GCC_C_LANGUAGE_STANDARD = gnu99;
				GCC_NO_COMMON_BLOCKS = YES;
				GCC_WARN_64_TO_32_BIT_CONVERSION = YES;
				GCC_WARN_ABOUT_RETURN_TYPE = YES_ERROR;
				GCC_WARN_UNDECLARED_SELECTOR = YES;
				GCC_WARN_UNINITIALIZED_AUTOS = YES_AGGRESSIVE;
				GCC_WARN_UNUSED_FUNCTION = YES;
				GCC_WARN_UNUSED_VARIABLE = YES;
				IPHONEOS_DEPLOYMENT_TARGET = 9.3;
				MTL_ENABLE_DEBUG_INFO = NO;
				SDKROOT = iphoneos;
				VALIDATE_PRODUCT = YES;
			};
			name = Release;
		};
		7281D4711CB69A5A00713321 /* Debug */ = {
			isa = XCBuildConfiguration;
			buildSettings = {
				ASSETCATALOG_COMPILER_APPICON_NAME = AppIcon;
				INFOPLIST_FILE = Babies/Info.plist;
				LD_RUNPATH_SEARCH_PATHS = "$(inherited) @executable_path/Frameworks";
				PRODUCT_BUNDLE_IDENTIFIER = com.babies.Babies;
				PRODUCT_NAME = "$(TARGET_NAME)";
			};
			name = Debug;
		};
		7281D4721CB69A5A00713321 /* Release */ = {
			isa = XCBuildConfiguration;
			buildSettings = {
				ASSETCATALOG_COMPILER_APPICON_NAME = AppIcon;
				INFOPLIST_FILE = Babies/Info.plist;
				LD_RUNPATH_SEARCH_PATHS = "$(inherited) @executable_path/Frameworks";
				PRODUCT_BUNDLE_IDENTIFIER = com.babies.Babies;
				PRODUCT_NAME = "$(TARGET_NAME)";
			};
			name = Release;
		};
/* End XCBuildConfiguration section */

/* Begin XCConfigurationList section */
		7281D4591CB69A5A00713321 /* Build configuration list for PBXProject "Babies" */ = {
			isa = XCConfigurationList;
			buildConfigurations = (
				7281D46E1CB69A5A00713321 /* Debug */,
				7281D46F1CB69A5A00713321 /* Release */,
			);
			defaultConfigurationIsVisible = 0;
			defaultConfigurationName = Release;
		};
		7281D4701CB69A5A00713321 /* Build configuration list for PBXNativeTarget "Babies" */ = {
			isa = XCConfigurationList;
			buildConfigurations = (
				7281D4711CB69A5A00713321 /* Debug */,
				7281D4721CB69A5A00713321 /* Release */,
			);
			defaultConfigurationIsVisible = 0;
		};
/* End XCConfigurationList section */
	};
	rootObject = 7281D4561CB69A5A00713321 /* Project object */;
}
